
Microsoft Visual Studio Solution File, Format Version 12.00
# Visual Studio Version 16
VisualStudioVersion = 16.0.29806.167
MinimumVisualStudioVersion = 10.0.40219.1
Project("{9A19103F-16F7-4668-BE54-9A1E7A4F7556}") = "wapiSeg1BD", "wapiSeg1BD.csproj", "{AC8E4839-EFAB-4E66-B8E1-4B76D5EE107B}"
EndProject
Global
	GlobalSection(SolutionConfigurationPlatforms) = preSolution
		Debug|Any CPU = Debug|Any CPU
		Release|Any CPU = Release|Any CPU
	EndGlobalSection
	GlobalSection(ProjectConfigurationPlatforms) = postSolution
		{AC8E4839-EFAB-4E66-B8E1-4B76D5EE107B}.Debug|Any CPU.ActiveCfg = Debug|Any CPU
		{AC8E4839-EFAB-4E66-B8E1-4B76D5EE107B}.Debug|Any CPU.Build.0 = Debug|Any CPU
		{AC8E4839-EFAB-4E66-B8E1-4B76D5EE107B}.Release|Any CPU.ActiveCfg = Release|Any CPU
		{AC8E4839-EFAB-4E66-B8E1-4B76D5EE107B}.Release|Any CPU.Build.0 = Release|Any CPU
	EndGlobalSection
	GlobalSection(SolutionProperties) = preSolution
		HideSolutionNode = FALSE
	EndGlobalSection
	GlobalSection(ExtensibilityGlobals) = postSolution
		SolutionGuid = {185368BE-327B-4A7B-A6E4-133B7545FDB8}
	EndGlobalSection
EndGlobal
